
Microsoft Visual Studio Solution File, Format Version 12.00
# Visual Studio Version 17
VisualStudioVersion = 17.14.36414.22 d17.14
MinimumVisualStudioVersion = 10.0.40219.1
Project("{FAE04EC0-301F-11D3-BF4B-00C04F79EFBC}") = "Challenge6", "Challenge6.csproj", "{6594E935-57E9-4A52-8B94-3FEB75CD0068}"
EndProject
Global
	GlobalSection(SolutionConfigurationPlatforms) = preSolution
		Debug|Any CPU = Debug|Any CPU
		Release|Any CPU = Release|Any CPU
	EndGlobalSection
	GlobalSection(ProjectConfigurationPlatforms) = postSolution
		{6594E935-57E9-4A52-8B94-3FEB75CD0068}.Debug|Any CPU.ActiveCfg = Debug|Any CPU
		{6594E935-57E9-4A52-8B94-3FEB75CD0068}.Debug|Any CPU.Build.0 = Debug|Any CPU
		{6594E935-57E9-4A52-8B94-3FEB75CD0068}.Release|Any CPU.ActiveCfg = Release|Any CPU
		{6594E935-57E9-4A52-8B94-3FEB75CD0068}.Release|Any CPU.Build.0 = Release|Any CPU
	EndGlobalSection
	GlobalSection(SolutionProperties) = preSolution
		HideSolutionNode = FALSE
	EndGlobalSection
	GlobalSection(ExtensibilityGlobals) = postSolution
		SolutionGuid = {AEC69F4E-90EA-4257-8C7E-62B0F01D0B3B}
	EndGlobalSection
EndGlobal
